{
    "_readme": [
        "This file locks the dependencies of your project to a known state",
        "Read more about it at https://getcomposer.org/doc/01-basic-usage.md#installing-dependencies",
        "This file is @generated automatically"
    ],
    "content-hash": "4c17afcc196ea119853b271760457dd3",
    "packages": [
        {
            "name": "prokerala/astrology-sdk",
            "version": "0.3.3",
            "source": {
                "type": "git",
                "url": "https://github.com/prokerala/astrology-sdk.git",
                "reference": "a5654ae91fdc6c5429cf39afd79d067c00503d31"
            },
            "dist": {
                "type": "zip",
                "url": "https://api.github.com/repos/prokerala/astrology-sdk/zipball/a5654ae91fdc6c5429cf39afd79d067c00503d31",
                "reference": "a5654ae91fdc6c5429cf39afd79d067c00503d31",
                "shasum": ""
            },
            "require": {
                "php": ">=5.6.0"
            },
            "require-dev": {
                "friendsofphp/php-cs-fixer": "^2.15"
            },
            "type": "library",
            "autoload": {
                "psr-4": {
                    "Prokerala\\": "src/"
                }
            },
            "notification-url": "https://packagist.org/downloads/",
            "license": [
                "MIT"
            ],
            "authors": [
                {
                    "name": "ProKerala",
                    "email": "support@prokerala.com",
                    "homepage": "https://www.prokerala.com"
                }
            ],
            "description": "Prokerala.com Astrology API Client Library for PHP.",
            "support": {
                "issues": "https://github.com/prokerala/astrology-sdk/issues",
                "source": "https://github.com/prokerala/astrology-sdk/tree/v0.3.3"
            },
            "time": "2020-06-05T06:00:48+00:00"
        }
    ],
    "packages-dev": [],
    "aliases": [],
    "minimum-stability": "stable",
    "stability-flags": {},
    "prefer-stable": false,
    "prefer-lowest": false,
    "platform": {},
    "platform-dev": {},
    "plugin-api-version": "2.6.0"
}
